
Microsoft Visual Studio Solution File, Format Version 12.00
# Visual Studio Version 16
VisualStudioVersion = 16.0.31105.61
MinimumVisualStudioVersion = 10.0.40219.1
Project("{8BC9CEB8-8B4A-11D0-8D11-00A0C91BC942}") = "Project4", "Project4\Project4.vcxproj", "{C0C83565-5023-4BE3-B563-06CA4187CDCE}"
EndProject
Global
	GlobalSection(SolutionConfigurationPlatforms) = preSolution
		Debug|x64 = Debug|x64
		Debug|x86 = Debug|x86
		Release|x64 = Release|x64
		Release|x86 = Release|x86
	EndGlobalSection
	GlobalSection(ProjectConfigurationPlatforms) = postSolution
		{C0C83565-5023-4BE3-B563-06CA4187CDCE}.Debug|x64.ActiveCfg = Debug|x64
		{C0C83565-5023-4BE3-B563-06CA4187CDCE}.Debug|x64.Build.0 = Debug|x64
		{C0C83565-5023-4BE3-B563-06CA4187CDCE}.Debug|x86.ActiveCfg = Debug|Win32
		{C0C83565-5023-4BE3-B563-06CA4187CDCE}.Debug|x86.Build.0 = Debug|Win32
		{C0C83565-5023-4BE3-B563-06CA4187CDCE}.Release|x64.ActiveCfg = Release|x64
		{C0C83565-5023-4BE3-B563-06CA4187CDCE}.Release|x64.Build.0 = Release|x64
		{C0C83565-5023-4BE3-B563-06CA4187CDCE}.Release|x86.ActiveCfg = Release|Win32
		{C0C83565-5023-4BE3-B563-06CA4187CDCE}.Release|x86.Build.0 = Release|Win32
	EndGlobalSection
	GlobalSection(SolutionProperties) = preSolution
		HideSolutionNode = FALSE
	EndGlobalSection
	GlobalSection(ExtensibilityGlobals) = postSolution
		SolutionGuid = {1D821B32-1F52-4394-84B4-CD1346C80BD4}
	EndGlobalSection
EndGlobal
